// !$*UTF8*$!
{
	archiveVersion = 1;
	classes = {
	};
	objectVersion = 56;
	objects = {

/* Begin PBXBuildFile section */
		8D30317F2A7D82BC00AD9033 /* BookPageFlipAnimationApp.swift in Sources */ = {isa = PBXBuildFile; fileRef = 8D30317E2A7D82BC00AD9033 /* BookPageFlipAnimationApp.swift */; };
		8D3031812A7D82BC00AD9033 /* ContentView.swift in Sources */ = {isa = PBXBuildFile; fileRef = 8D3031802A7D82BC00AD9033 /* ContentView.swift */; };
		8D3031832A7D82BF00AD9033 /* Assets.xcassets in Resources */ = {isa = PBXBuildFile; fileRef = 8D3031822A7D82BF00AD9033 /* Assets.xcassets */; };
		8D3031862A7D82BF00AD9033 /* Preview Assets.xcassets in Resources */ = {isa = PBXBuildFile; fileRef = 8D3031852A7D82BF00AD9033 /* Preview Assets.xcassets */; };
		8D30318F2A7D89A400AD9033 /* Book.swift in Sources */ = {isa = PBXBuildFile; fileRef = 8D30318E2A7D89A400AD9033 /* Book.swift */; };
		8D3031912A7D8B1400AD9033 /* Home.swift in Sources */ = {isa = PBXBuildFile; fileRef = 8D3031902A7D8B1400AD9033 /* Home.swift */; };
		8D3031932A7D8B7500AD9033 /* HeaderView.swift in Sources */ = {isa = PBXBuildFile; fileRef = 8D3031922A7D8B7500AD9033 /* HeaderView.swift */; };
		8D3031952A7D8C6F00AD9033 /* BookSlider.swift in Sources */ = {isa = PBXBuildFile; fileRef = 8D3031942A7D8C6F00AD9033 /* BookSlider.swift */; };
		8D3031972A7D8D2000AD9033 /* BookView.swift in Sources */ = {isa = PBXBuildFile; fileRef = 8D3031962A7D8D2000AD9033 /* BookView.swift */; };
		8D3031992A7D8F2200AD9033 /* SliderBottomView.swift in Sources */ = {isa = PBXBuildFile; fileRef = 8D3031982A7D8F2200AD9033 /* SliderBottomView.swift */; };
		8D30319C2A7D91FF00AD9033 /* Utility.swift in Sources */ = {isa = PBXBuildFile; fileRef = 8D30319B2A7D91FF00AD9033 /* Utility.swift */; };
		8D30319E2A7D96A500AD9033 /* IsometricView.swift in Sources */ = {isa = PBXBuildFile; fileRef = 8D30319D2A7D96A500AD9033 /* IsometricView.swift */; };
/* End PBXBuildFile section */

/* Begin PBXFileReference section */
		8D30317B2A7D82BC00AD9033 /* BookPageFlipAnimation.app */ = {isa = PBXFileReference; explicitFileType = wrapper.application; includeInIndex = 0; path = BookPageFlipAnimation.app; sourceTree = BUILT_PRODUCTS_DIR; };
		8D30317E2A7D82BC00AD9033 /* BookPageFlipAnimationApp.swift */ = {isa = PBXFileReference; lastKnownFileType = sourcecode.swift; path = BookPageFlipAnimationApp.swift; sourceTree = "<group>"; };
		8D3031802A7D82BC00AD9033 /* ContentView.swift */ = {isa = PBXFileReference; lastKnownFileType = sourcecode.swift; path = ContentView.swift; sourceTree = "<group>"; };
		8D3031822A7D82BF00AD9033 /* Assets.xcassets */ = {isa = PBXFileReference; lastKnownFileType = folder.assetcatalog; path = Assets.xcassets; sourceTree = "<group>"; };
		8D3031852A7D82BF00AD9033 /* Preview Assets.xcassets */ = {isa = PBXFileReference; lastKnownFileType = folder.assetcatalog; path = "Preview Assets.xcassets"; sourceTree = "<group>"; };
		8D30318E2A7D89A400AD9033 /* Book.swift */ = {isa = PBXFileReference; lastKnownFileType = sourcecode.swift; path = Book.swift; sourceTree = "<group>"; };
		8D3031902A7D8B1400AD9033 /* Home.swift */ = {isa = PBXFileReference; lastKnownFileType = sourcecode.swift; path = Home.swift; sourceTree = "<group>"; };
		8D3031922A7D8B7500AD9033 /* HeaderView.swift */ = {isa = PBXFileReference; lastKnownFileType = sourcecode.swift; path = HeaderView.swift; sourceTree = "<group>"; };
		8D3031942A7D8C6F00AD9033 /* BookSlider.swift */ = {isa = PBXFileReference; lastKnownFileType = sourcecode.swift; path = BookSlider.swift; sourceTree = "<group>"; };
		8D3031962A7D8D2000AD9033 /* BookView.swift */ = {isa = PBXFileReference; lastKnownFileType = sourcecode.swift; path = BookView.swift; sourceTree = "<group>"; };
		8D3031982A7D8F2200AD9033 /* SliderBottomView.swift */ = {isa = PBXFileReference; lastKnownFileType = sourcecode.swift; path = SliderBottomView.swift; sourceTree = "<group>"; };
		8D30319B2A7D91FF00AD9033 /* Utility.swift */ = {isa = PBXFileReference; lastKnownFileType = sourcecode.swift; path = Utility.swift; sourceTree = "<group>"; };
		8D30319D2A7D96A500AD9033 /* IsometricView.swift */ = {isa = PBXFileReference; lastKnownFileType = sourcecode.swift; path = IsometricView.swift; sourceTree = "<group>"; };
/* End PBXFileReference section */

/* Begin PBXFrameworksBuildPhase section */
		8D3031782A7D82BC00AD9033 /* Frameworks */ = {
			isa = PBXFrameworksBuildPhase;
			buildActionMask = 2147483647;
			files = (
			);
			runOnlyForDeploymentPostprocessing = 0;
		};
/* End PBXFrameworksBuildPhase section */

/* Begin PBXGroup section */
		8D3031722A7D82BC00AD9033 = {
			isa = PBXGroup;
			children = (
				8D30317D2A7D82BC00AD9033 /* BookPageFlipAnimation */,
				8D30317C2A7D82BC00AD9033 /* Products */,
			);
			sourceTree = "<group>";
		};
		8D30317C2A7D82BC00AD9033 /* Products */ = {
			isa = PBXGroup;
			children = (
				8D30317B2A7D82BC00AD9033 /* BookPageFlipAnimation.app */,
			);
			name = Products;
			sourceTree = "<group>";
		};
		8D30317D2A7D82BC00AD9033 /* BookPageFlipAnimation */ = {
			isa = PBXGroup;
			children = (
				8D30318D2A7D899200AD9033 /* View */,
				8D30318C2A7D898D00AD9033 /* Model */,
				8D30317E2A7D82BC00AD9033 /* BookPageFlipAnimationApp.swift */,
				8D3031802A7D82BC00AD9033 /* ContentView.swift */,
				8D3031822A7D82BF00AD9033 /* Assets.xcassets */,
				8D3031842A7D82BF00AD9033 /* Preview Content */,
				8D30319B2A7D91FF00AD9033 /* Utility.swift */,
			);
			path = BookPageFlipAnimation;
			sourceTree = "<group>";
		};
		8D3031842A7D82BF00AD9033 /* Preview Content */ = {
			isa = PBXGroup;
			children = (
				8D3031852A7D82BF00AD9033 /* Preview Assets.xcassets */,
			);
			path = "Preview Content";
			sourceTree = "<group>";
		};
		8D30318C2A7D898D00AD9033 /* Model */ = {
			isa = PBXGroup;
			children = (
				8D30318E2A7D89A400AD9033 /* Book.swift */,
			);
			path = Model;
			sourceTree = "<group>";
		};
		8D30318D2A7D899200AD9033 /* View */ = {
			isa = PBXGroup;
			children = (
				8D3031902A7D8B1400AD9033 /* Home.swift */,
				8D3031922A7D8B7500AD9033 /* HeaderView.swift */,
				8D3031942A7D8C6F00AD9033 /* BookSlider.swift */,
				8D3031962A7D8D2000AD9033 /* BookView.swift */,
				8D3031982A7D8F2200AD9033 /* SliderBottomView.swift */,
				8D30319D2A7D96A500AD9033 /* IsometricView.swift */,
			);
			path = View;
			sourceTree = "<group>";
		};
/* End PBXGroup section */

/* Begin PBXNativeTarget section */
		8D30317A2A7D82BC00AD9033 /* BookPageFlipAnimation */ = {
			isa = PBXNativeTarget;
			buildConfigurationList = 8D3031892A7D82BF00AD9033 /* Build configuration list for PBXNativeTarget "BookPageFlipAnimation" */;
			buildPhases = (
				8D3031772A7D82BC00AD9033 /* Sources */,
				8D3031782A7D82BC00AD9033 /* Frameworks */,
				8D3031792A7D82BC00AD9033 /* Resources */,
			);
			buildRules = (
			);
			dependencies = (
			);
			name = BookPageFlipAnimation;
			productName = BookPageFlipAnimation;
			productReference = 8D30317B2A7D82BC00AD9033 /* BookPageFlipAnimation.app */;
			productType = "com.apple.product-type.application";
		};
/* End PBXNativeTarget section */

/* Begin PBXProject section */
		8D3031732A7D82BC00AD9033 /* Project object */ = {
			isa = PBXProject;
			attributes = {
				BuildIndependentTargetsInParallel = 1;
				LastSwiftUpdateCheck = 1500;
				LastUpgradeCheck = 1500;
				TargetAttributes = {
					8D30317A2A7D82BC00AD9033 = {
						CreatedOnToolsVersion = 15.0;
					};
				};
			};
			buildConfigurationList = 8D3031762A7D82BC00AD9033 /* Build configuration list for PBXProject "BookPageFlipAnimation" */;
			compatibilityVersion = "Xcode 14.0";
			developmentRegion = en;
			hasScannedForEncodings = 0;
			knownRegions = (
				en,
				Base,
			);
			mainGroup = 8D3031722A7D82BC00AD9033;
			productRefGroup = 8D30317C2A7D82BC00AD9033 /* Products */;
			projectDirPath = "";
			projectRoot = "";
			targets = (
				8D30317A2A7D82BC00AD9033 /* BookPageFlipAnimation */,
			);
		};
/* End PBXProject section */

/* Begin PBXResourcesBuildPhase section */
		8D3031792A7D82BC00AD9033 /* Resources */ = {
			isa = PBXResourcesBuildPhase;
			buildActionMask = 2147483647;
			files = (
				8D3031862A7D82BF00AD9033 /* Preview Assets.xcassets in Resources */,
				8D3031832A7D82BF00AD9033 /* Assets.xcassets in Resources */,
			);
			runOnlyForDeploymentPostprocessing = 0;
		};
/* End PBXResourcesBuildPhase section */

/* Begin PBXSourcesBuildPhase section */
		8D3031772A7D82BC00AD9033 /* Sources */ = {
			isa = PBXSourcesBuildPhase;
			buildActionMask = 2147483647;
			files = (
				8D3031932A7D8B7500AD9033 /* HeaderView.swift in Sources */,
				8D3031812A7D82BC00AD9033 /* ContentView.swift in Sources */,
				8D30319C2A7D91FF00AD9033 /* Utility.swift in Sources */,
				8D30317F2A7D82BC00AD9033 /* BookPageFlipAnimationApp.swift in Sources */,
				8D30319E2A7D96A500AD9033 /* IsometricView.swift in Sources */,
				8D3031952A7D8C6F00AD9033 /* BookSlider.swift in Sources */,
				8D3031992A7D8F2200AD9033 /* SliderBottomView.swift in Sources */,
				8D3031912A7D8B1400AD9033 /* Home.swift in Sources */,
				8D3031972A7D8D2000AD9033 /* BookView.swift in Sources */,
				8D30318F2A7D89A400AD9033 /* Book.swift in Sources */,
			);
			runOnlyForDeploymentPostprocessing = 0;
		};
/* End PBXSourcesBuildPhase section */

/* Begin XCBuildConfiguration section */
		8D3031872A7D82BF00AD9033 /* Debug */ = {
			isa = XCBuildConfiguration;
			buildSettings = {
				ALWAYS_SEARCH_USER_PATHS = NO;
				ASSETCATALOG_COMPILER_GENERATE_SWIFT_ASSET_SYMBOL_EXTENSIONS = YES;
				CLANG_ANALYZER_NONNULL = YES;
				CLANG_ANALYZER_NUMBER_OBJECT_CONVERSION = YES_AGGRESSIVE;
				CLANG_CXX_LANGUAGE_STANDARD = "gnu++20";
				CLANG_ENABLE_MODULES = YES;
				CLANG_ENABLE_OBJC_ARC = YES;
				CLANG_ENABLE_OBJC_WEAK = YES;
				CLANG_WARN_BLOCK_CAPTURE_AUTORELEASING = YES;
				CLANG_WARN_BOOL_CONVERSION = YES;
				CLANG_WARN_COMMA = YES;
				CLANG_WARN_CONSTANT_CONVERSION = YES;
				CLANG_WARN_DEPRECATED_OBJC_IMPLEMENTATIONS = YES;
				CLANG_WARN_DIRECT_OBJC_ISA_USAGE = YES_ERROR;
				CLANG_WARN_DOCUMENTATION_COMMENTS = YES;
				CLANG_WARN_EMPTY_BODY = YES;
				CLANG_WARN_ENUM_CONVERSION = YES;
				CLANG_WARN_INFINITE_RECURSION = YES;
				CLANG_WARN_INT_CONVERSION = YES;
				CLANG_WARN_NON_LITERAL_NULL_CONVERSION = YES;
				CLANG_WARN_OBJC_IMPLICIT_RETAIN_SELF = YES;
				CLANG_WARN_OBJC_LITERAL_CONVERSION = YES;
				CLANG_WARN_OBJC_ROOT_CLASS = YES_ERROR;
				CLANG_WARN_QUOTED_INCLUDE_IN_FRAMEWORK_HEADER = YES;
				CLANG_WARN_RANGE_LOOP_ANALYSIS = YES;
				CLANG_WARN_STRICT_PROTOTYPES = YES;
				CLANG_WARN_SUSPICIOUS_MOVE = YES;
				CLANG_WARN_UNGUARDED_AVAILABILITY = YES_AGGRESSIVE;
				CLANG_WARN_UNREACHABLE_CODE = YES;
				CLANG_WARN__DUPLICATE_METHOD_MATCH = YES;
				COPY_PHASE_STRIP = NO;
				DEBUG_INFORMATION_FORMAT = dwarf;
				ENABLE_STRICT_OBJC_MSGSEND = YES;
				ENABLE_TESTABILITY = YES;
				ENABLE_USER_SCRIPT_SANDBOXING = YES;
				GCC_C_LANGUAGE_STANDARD = gnu17;
				GCC_DYNAMIC_NO_PIC = NO;
				GCC_NO_COMMON_BLOCKS = YES;
				GCC_OPTIMIZATION_LEVEL = 0;
				GCC_PREPROCESSOR_DEFINITIONS = (
					"DEBUG=1",
					"$(inherited)",
				);
				GCC_WARN_64_TO_32_BIT_CONVERSION = YES;
				GCC_WARN_ABOUT_RETURN_TYPE = YES_ERROR;
				GCC_WARN_UNDECLARED_SELECTOR = YES;
				GCC_WARN_UNINITIALIZED_AUTOS = YES_AGGRESSIVE;
				GCC_WARN_UNUSED_FUNCTION = YES;
				GCC_WARN_UNUSED_VARIABLE = YES;
				IPHONEOS_DEPLOYMENT_TARGET = 17.0;
				LOCALIZATION_PREFERS_STRING_CATALOGS = YES;
				MTL_ENABLE_DEBUG_INFO = INCLUDE_SOURCE;
				MTL_FAST_MATH = YES;
				ONLY_ACTIVE_ARCH = YES;
				SDKROOT = iphoneos;
				SWIFT_ACTIVE_COMPILATION_CONDITIONS = "DEBUG $(inherited)";
				SWIFT_OPTIMIZATION_LEVEL = "-Onone";
			};
			name = Debug;
		};
		8D3031882A7D82BF00AD9033 /* Release */ = {
			isa = XCBuildConfiguration;
			buildSettings = {
				ALWAYS_SEARCH_USER_PATHS = NO;
				ASSETCATALOG_COMPILER_GENERATE_SWIFT_ASSET_SYMBOL_EXTENSIONS = YES;
				CLANG_ANALYZER_NONNULL = YES;
				CLANG_ANALYZER_NUMBER_OBJECT_CONVERSION = YES_AGGRESSIVE;
				CLANG_CXX_LANGUAGE_STANDARD = "gnu++20";
				CLANG_ENABLE_MODULES = YES;
				CLANG_ENABLE_OBJC_ARC = YES;
				CLANG_ENABLE_OBJC_WEAK = YES;
				CLANG_WARN_BLOCK_CAPTURE_AUTORELEASING = YES;
				CLANG_WARN_BOOL_CONVERSION = YES;
				CLANG_WARN_COMMA = YES;
				CLANG_WARN_CONSTANT_CONVERSION = YES;
				CLANG_WARN_DEPRECATED_OBJC_IMPLEMENTATIONS = YES;
				CLANG_WARN_DIRECT_OBJC_ISA_USAGE = YES_ERROR;
				CLANG_WARN_DOCUMENTATION_COMMENTS = YES;
				CLANG_WARN_EMPTY_BODY = YES;
				CLANG_WARN_ENUM_CONVERSION = YES;
				CLANG_WARN_INFINITE_RECURSION = YES;
				CLANG_WARN_INT_CONVERSION = YES;
				CLANG_WARN_NON_LITERAL_NULL_CONVERSION = YES;
				CLANG_WARN_OBJC_IMPLICIT_RETAIN_SELF = YES;
				CLANG_WARN_OBJC_LITERAL_CONVERSION = YES;
				CLANG_WARN_OBJC_ROOT_CLASS = YES_ERROR;
				CLANG_WARN_QUOTED_INCLUDE_IN_FRAMEWORK_HEADER = YES;
				CLANG_WARN_RANGE_LOOP_ANALYSIS = YES;
				CLANG_WARN_STRICT_PROTOTYPES = YES;
				CLANG_WARN_SUSPICIOUS_MOVE = YES;
				CLANG_WARN_UNGUARDED_AVAILABILITY = YES_AGGRESSIVE;
				CLANG_WARN_UNREACHABLE_CODE = YES;
				CLANG_WARN__DUPLICATE_METHOD_MATCH = YES;
				COPY_PHASE_STRIP = NO;
				DEBUG_INFORMATION_FORMAT = "dwarf-with-dsym";
				ENABLE_NS_ASSERTIONS = NO;
				ENABLE_STRICT_OBJC_MSGSEND = YES;
				ENABLE_USER_SCRIPT_SANDBOXING = YES;
				GCC_C_LANGUAGE_STANDARD = gnu17;
				GCC_NO_COMMON_BLOCKS = YES;
				GCC_WARN_64_TO_32_BIT_CONVERSION = YES;
				GCC_WARN_ABOUT_RETURN_TYPE = YES_ERROR;
				GCC_WARN_UNDECLARED_SELECTOR = YES;
				GCC_WARN_UNINITIALIZED_AUTOS = YES_AGGRESSIVE;
				GCC_WARN_UNUSED_FUNCTION = YES;
				GCC_WARN_UNUSED_VARIABLE = YES;
				IPHONEOS_DEPLOYMENT_TARGET = 17.0;
				LOCALIZATION_PREFERS_STRING_CATALOGS = YES;
				MTL_ENABLE_DEBUG_INFO = NO;
				MTL_FAST_MATH = YES;
				SDKROOT = iphoneos;
				SWIFT_COMPILATION_MODE = wholemodule;
				VALIDATE_PRODUCT = YES;
			};
			name = Release;
		};
		8D30318A2A7D82BF00AD9033 /* Debug */ = {
			isa = XCBuildConfiguration;
			buildSettings = {
				ASSETCATALOG_COMPILER_APPICON_NAME = AppIcon;
				ASSETCATALOG_COMPILER_GLOBAL_ACCENT_COLOR_NAME = AccentColor;
				CODE_SIGN_STYLE = Automatic;
				CURRENT_PROJECT_VERSION = 1;
				DEVELOPMENT_ASSET_PATHS = "\"BookPageFlipAnimation/Preview Content\"";
				DEVELOPMENT_TEAM = C9UL6Y3N22;
				ENABLE_PREVIEWS = YES;
				GENERATE_INFOPLIST_FILE = YES;
				INFOPLIST_KEY_UIApplicationSceneManifest_Generation = YES;
				INFOPLIST_KEY_UIApplicationSupportsIndirectInputEvents = YES;
				INFOPLIST_KEY_UILaunchScreen_Generation = YES;
				INFOPLIST_KEY_UISupportedInterfaceOrientations_iPad = "UIInterfaceOrientationPortrait UIInterfaceOrientationPortraitUpsideDown UIInterfaceOrientationLandscapeLeft UIInterfaceOrientationLandscapeRight";
				INFOPLIST_KEY_UISupportedInterfaceOrientations_iPhone = "UIInterfaceOrientationPortrait UIInterfaceOrientationLandscapeLeft UIInterfaceOrientationLandscapeRight";
				LD_RUNPATH_SEARCH_PATHS = (
					"$(inherited)",
					"@executable_path/Frameworks",
				);
				MARKETING_VERSION = 1.0;
				PRODUCT_BUNDLE_IDENTIFIER = com.cecilia.chen.BookPageFlipAnimation;
				PRODUCT_NAME = "$(TARGET_NAME)";
				SWIFT_EMIT_LOC_STRINGS = YES;
				SWIFT_VERSION = 5.0;
				TARGETED_DEVICE_FAMILY = "1,2";
			};
			name = Debug;
		};
		8D30318B2A7D82BF00AD9033 /* Release */ = {
			isa = XCBuildConfiguration;
			buildSettings = {
				ASSETCATALOG_COMPILER_APPICON_NAME = AppIcon;
				ASSETCATALOG_COMPILER_GLOBAL_ACCENT_COLOR_NAME = AccentColor;
				CODE_SIGN_STYLE = Automatic;
				CURRENT_PROJECT_VERSION = 1;
				DEVELOPMENT_ASSET_PATHS = "\"BookPageFlipAnimation/Preview Content\"";
				DEVELOPMENT_TEAM = C9UL6Y3N22;
				ENABLE_PREVIEWS = YES;
				GENERATE_INFOPLIST_FILE = YES;
				INFOPLIST_KEY_UIApplicationSceneManifest_Generation = YES;
				INFOPLIST_KEY_UIApplicationSupportsIndirectInputEvents = YES;
				INFOPLIST_KEY_UILaunchScreen_Generation = YES;
				INFOPLIST_KEY_UISupportedInterfaceOrientations_iPad = "UIInterfaceOrientationPortrait UIInterfaceOrientationPortraitUpsideDown UIInterfaceOrientationLandscapeLeft UIInterfaceOrientationLandscapeRight";
				INFOPLIST_KEY_UISupportedInterfaceOrientations_iPhone = "UIInterfaceOrientationPortrait UIInterfaceOrientationLandscapeLeft UIInterfaceOrientationLandscapeRight";
				LD_RUNPATH_SEARCH_PATHS = (
					"$(inherited)",
					"@executable_path/Frameworks",
				);
				MARKETING_VERSION = 1.0;
				PRODUCT_BUNDLE_IDENTIFIER = com.cecilia.chen.BookPageFlipAnimation;
				PRODUCT_NAME = "$(TARGET_NAME)";
				SWIFT_EMIT_LOC_STRINGS = YES;
				SWIFT_VERSION = 5.0;
				TARGETED_DEVICE_FAMILY = "1,2";
			};
			name = Release;
		};
/* End XCBuildConfiguration section */

/* Begin XCConfigurationList section */
		8D3031762A7D82BC00AD9033 /* Build configuration list for PBXProject "BookPageFlipAnimation" */ = {
			isa = XCConfigurationList;
			buildConfigurations = (
				8D3031872A7D82BF00AD9033 /* Debug */,
				8D3031882A7D82BF00AD9033 /* Release */,
			);
			defaultConfigurationIsVisible = 0;
			defaultConfigurationName = Release;
		};
		8D3031892A7D82BF00AD9033 /* Build configuration list for PBXNativeTarget "BookPageFlipAnimation" */ = {
			isa = XCConfigurationList;
			buildConfigurations = (
				8D30318A2A7D82BF00AD9033 /* Debug */,
				8D30318B2A7D82BF00AD9033 /* Release */,
			);
			defaultConfigurationIsVisible = 0;
			defaultConfigurationName = Release;
		};
/* End XCConfigurationList section */
	};
	rootObject = 8D3031732A7D82BC00AD9033 /* Project object */;
}
